
Microsoft Visual Studio Solution File, Format Version 11.00
# Visual Studio 2010 Express for Windows Phone
Project("{FAE04EC0-301F-11D3-BF4B-00C04F79EFBC}") = "AppWarp_WP7_TestSDK", "AppWarp_WP7_TestSDK.csproj", "{7E4A083D-9F85-40AE-8D8D-323C4A14137A}"
EndProject
Global
	GlobalSection(SolutionConfigurationPlatforms) = preSolution
		Debug|Any CPU = Debug|Any CPU
		Release|Any CPU = Release|Any CPU
	EndGlobalSection
	GlobalSection(ProjectConfigurationPlatforms) = postSolution
		{7E4A083D-9F85-40AE-8D8D-323C4A14137A}.Debug|Any CPU.ActiveCfg = Debug|Any CPU
		{7E4A083D-9F85-40AE-8D8D-323C4A14137A}.Debug|Any CPU.Build.0 = Debug|Any CPU
		{7E4A083D-9F85-40AE-8D8D-323C4A14137A}.Debug|Any CPU.Deploy.0 = Debug|Any CPU
		{7E4A083D-9F85-40AE-8D8D-323C4A14137A}.Release|Any CPU.ActiveCfg = Release|Any CPU
		{7E4A083D-9F85-40AE-8D8D-323C4A14137A}.Release|Any CPU.Build.0 = Release|Any CPU
		{7E4A083D-9F85-40AE-8D8D-323C4A14137A}.Release|Any CPU.Deploy.0 = Release|Any CPU
	EndGlobalSection
	GlobalSection(SolutionProperties) = preSolution
		HideSolutionNode = FALSE
	EndGlobalSection
EndGlobal
